{
  "name": "simpleCLI",
  "lockfileVersion": 2,
  "requires": true,
  "packages": {
    "": {
      "dependencies": {
        "diskspace": "^2.0.0"
      }
    },
    "node_modules/diskspace": {
      "version": "2.0.0",
      "resolved": "https://registry.npmjs.org/diskspace/-/diskspace-2.0.0.tgz",
      "integrity": "sha1-/eO4jVzV4V0Je7QuVQcz4liMyRM=",
      "engines": {
        "node": "*"
      }
    }
  },
  "dependencies": {
    "diskspace": {
      "version": "2.0.0",
      "resolved": "https://registry.npmjs.org/diskspace/-/diskspace-2.0.0.tgz",
      "integrity": "sha1-/eO4jVzV4V0Je7QuVQcz4liMyRM="
    }
  }
}
